
Microsoft Visual Studio Solution File, Format Version 12.00
# Visual Studio 2013
VisualStudioVersion = 12.0.21005.1
MinimumVisualStudioVersion = 10.0.40219.1
Project("{2150E333-8FDC-42A3-9474-1A3956D46DE8}") = "Transports", "Transports", "{CFCCB095-0EFB-49D2-9921-10B39706BED6}"
EndProject
Project("{FAE04EC0-301F-11D3-BF4B-00C04F79EFBC}") = "Transports", "Transport\Transports.csproj", "{9EEDE80D-7FC7-445D-ACDB-5B45E08381F4}"
EndProject
Project("{2150E333-8FDC-42A3-9474-1A3956D46DE8}") = "GroundTransports", "GroundTransports", "{DAF1D72C-6076-4AA5-863D-A33B975C903F}"
EndProject
Project("{FAE04EC0-301F-11D3-BF4B-00C04F79EFBC}") = "GroundTransports", "GroundTransport\GroundTransports.csproj", "{E9CA9E49-87E5-423F-8A6F-9D43DFFD3857}"
EndProject
Project("{FAE04EC0-301F-11D3-BF4B-00C04F79EFBC}") = "AirTransports", "AirTransports\AirTransports.csproj", "{B1B472C2-1DC8-47E7-ADBB-57621B2E01C1}"
EndProject
Project("{2150E333-8FDC-42A3-9474-1A3956D46DE8}") = "AitTransports", "AitTransports", "{42A01E15-F6B8-4342-A873-F6EF80E0DB09}"
EndProject
Project("{FAE04EC0-301F-11D3-BF4B-00C04F79EFBC}") = "CityTransports", "SityTransport\CityTransports.csproj", "{5682AA28-EE60-41B4-AA0F-CB080832C8E2}"
EndProject
Project("{FAE04EC0-301F-11D3-BF4B-00C04F79EFBC}") = "MainFormApp", "MainFormApp\MainFormApp.csproj", "{623BB530-AD28-4474-A7AD-34E40D713D8F}"
EndProject
Project("{2150E333-8FDC-42A3-9474-1A3956D46DE8}") = "Engine", "Engine", "{340587A4-5AE3-42C5-8518-978E96F87952}"
EndProject
Project("{FAE04EC0-301F-11D3-BF4B-00C04F79EFBC}") = "SimpleEngines", "SimpleEngines\SimpleEngines.csproj", "{487B9690-9843-4B72-960D-36CCDD96EA02}"
EndProject
Project("{FAE04EC0-301F-11D3-BF4B-00C04F79EFBC}") = "TurbineEngine", "Turbine\TurbineEngine.csproj", "{23DF8A26-0E02-4981-B390-23F5EC83B975}"
EndProject
Project("{FAE04EC0-301F-11D3-BF4B-00C04F79EFBC}") = "SomeSerialiserLib", "SomeSerialiser\SomeSerialiserLib.csproj", "{8764AF3C-5348-469E-85C7-793B6CF5C5F4}"
EndProject
Project("{FAE04EC0-301F-11D3-BF4B-00C04F79EFBC}") = "AssemblyLoader", "..\Lab1\AssemblyLoader\AssemblyLoader.csproj", "{BBB0B572-58B4-4177-9C7E-0DAB59BDF43B}"
EndProject
Project("{FAE04EC0-301F-11D3-BF4B-00C04F79EFBC}") = "ClassDiagram", "ClassDiagram\ClassDiagram.csproj", "{BA106DDF-693B-40CA-81FD-554C9D09B80F}"
EndProject
Project("{FAE04EC0-301F-11D3-BF4B-00C04F79EFBC}") = "CustomConverters", "Converters\CustomConverters.csproj", "{0D9E2244-D8AB-4F65-93DD-C9F23A1157A4}"
EndProject
Global
	GlobalSection(SolutionConfigurationPlatforms) = preSolution
		Debug|Any CPU = Debug|Any CPU
		Release|Any CPU = Release|Any CPU
	EndGlobalSection
	GlobalSection(ProjectConfigurationPlatforms) = postSolution
		{9EEDE80D-7FC7-445D-ACDB-5B45E08381F4}.Debug|Any CPU.ActiveCfg = Debug|Any CPU
		{9EEDE80D-7FC7-445D-ACDB-5B45E08381F4}.Debug|Any CPU.Build.0 = Debug|Any CPU
		{9EEDE80D-7FC7-445D-ACDB-5B45E08381F4}.Release|Any CPU.ActiveCfg = Release|Any CPU
		{9EEDE80D-7FC7-445D-ACDB-5B45E08381F4}.Release|Any CPU.Build.0 = Release|Any CPU
		{E9CA9E49-87E5-423F-8A6F-9D43DFFD3857}.Debug|Any CPU.ActiveCfg = Debug|Any CPU
		{E9CA9E49-87E5-423F-8A6F-9D43DFFD3857}.Debug|Any CPU.Build.0 = Debug|Any CPU
		{E9CA9E49-87E5-423F-8A6F-9D43DFFD3857}.Release|Any CPU.ActiveCfg = Release|Any CPU
		{E9CA9E49-87E5-423F-8A6F-9D43DFFD3857}.Release|Any CPU.Build.0 = Release|Any CPU
		{B1B472C2-1DC8-47E7-ADBB-57621B2E01C1}.Debug|Any CPU.ActiveCfg = Debug|Any CPU
		{B1B472C2-1DC8-47E7-ADBB-57621B2E01C1}.Debug|Any CPU.Build.0 = Debug|Any CPU
		{B1B472C2-1DC8-47E7-ADBB-57621B2E01C1}.Release|Any CPU.ActiveCfg = Release|Any CPU
		{B1B472C2-1DC8-47E7-ADBB-57621B2E01C1}.Release|Any CPU.Build.0 = Release|Any CPU
		{5682AA28-EE60-41B4-AA0F-CB080832C8E2}.Debug|Any CPU.ActiveCfg = Debug|Any CPU
		{5682AA28-EE60-41B4-AA0F-CB080832C8E2}.Debug|Any CPU.Build.0 = Debug|Any CPU
		{5682AA28-EE60-41B4-AA0F-CB080832C8E2}.Release|Any CPU.ActiveCfg = Release|Any CPU
		{5682AA28-EE60-41B4-AA0F-CB080832C8E2}.Release|Any CPU.Build.0 = Release|Any CPU
		{623BB530-AD28-4474-A7AD-34E40D713D8F}.Debug|Any CPU.ActiveCfg = Debug|Any CPU
		{623BB530-AD28-4474-A7AD-34E40D713D8F}.Debug|Any CPU.Build.0 = Debug|Any CPU
		{623BB530-AD28-4474-A7AD-34E40D713D8F}.Release|Any CPU.ActiveCfg = Release|Any CPU
		{623BB530-AD28-4474-A7AD-34E40D713D8F}.Release|Any CPU.Build.0 = Release|Any CPU
		{487B9690-9843-4B72-960D-36CCDD96EA02}.Debug|Any CPU.ActiveCfg = Debug|Any CPU
		{487B9690-9843-4B72-960D-36CCDD96EA02}.Debug|Any CPU.Build.0 = Debug|Any CPU
		{487B9690-9843-4B72-960D-36CCDD96EA02}.Release|Any CPU.ActiveCfg = Release|Any CPU
		{487B9690-9843-4B72-960D-36CCDD96EA02}.Release|Any CPU.Build.0 = Release|Any CPU
		{23DF8A26-0E02-4981-B390-23F5EC83B975}.Debug|Any CPU.ActiveCfg = Debug|Any CPU
		{23DF8A26-0E02-4981-B390-23F5EC83B975}.Debug|Any CPU.Build.0 = Debug|Any CPU
		{23DF8A26-0E02-4981-B390-23F5EC83B975}.Release|Any CPU.ActiveCfg = Release|Any CPU
		{23DF8A26-0E02-4981-B390-23F5EC83B975}.Release|Any CPU.Build.0 = Release|Any CPU
		{8764AF3C-5348-469E-85C7-793B6CF5C5F4}.Debug|Any CPU.ActiveCfg = Debug|Any CPU
		{8764AF3C-5348-469E-85C7-793B6CF5C5F4}.Debug|Any CPU.Build.0 = Debug|Any CPU
		{8764AF3C-5348-469E-85C7-793B6CF5C5F4}.Release|Any CPU.ActiveCfg = Release|Any CPU
		{8764AF3C-5348-469E-85C7-793B6CF5C5F4}.Release|Any CPU.Build.0 = Release|Any CPU
		{BBB0B572-58B4-4177-9C7E-0DAB59BDF43B}.Debug|Any CPU.ActiveCfg = Debug|Any CPU
		{BBB0B572-58B4-4177-9C7E-0DAB59BDF43B}.Debug|Any CPU.Build.0 = Debug|Any CPU
		{BBB0B572-58B4-4177-9C7E-0DAB59BDF43B}.Release|Any CPU.ActiveCfg = Release|Any CPU
		{BBB0B572-58B4-4177-9C7E-0DAB59BDF43B}.Release|Any CPU.Build.0 = Release|Any CPU
		{BA106DDF-693B-40CA-81FD-554C9D09B80F}.Debug|Any CPU.ActiveCfg = Debug|Any CPU
		{BA106DDF-693B-40CA-81FD-554C9D09B80F}.Debug|Any CPU.Build.0 = Debug|Any CPU
		{BA106DDF-693B-40CA-81FD-554C9D09B80F}.Release|Any CPU.ActiveCfg = Release|Any CPU
		{BA106DDF-693B-40CA-81FD-554C9D09B80F}.Release|Any CPU.Build.0 = Release|Any CPU
		{0D9E2244-D8AB-4F65-93DD-C9F23A1157A4}.Debug|Any CPU.ActiveCfg = Debug|Any CPU
		{0D9E2244-D8AB-4F65-93DD-C9F23A1157A4}.Debug|Any CPU.Build.0 = Debug|Any CPU
		{0D9E2244-D8AB-4F65-93DD-C9F23A1157A4}.Release|Any CPU.ActiveCfg = Release|Any CPU
		{0D9E2244-D8AB-4F65-93DD-C9F23A1157A4}.Release|Any CPU.Build.0 = Release|Any CPU
	EndGlobalSection
	GlobalSection(SolutionProperties) = preSolution
		HideSolutionNode = FALSE
	EndGlobalSection
	GlobalSection(NestedProjects) = preSolution
		{9EEDE80D-7FC7-445D-ACDB-5B45E08381F4} = {CFCCB095-0EFB-49D2-9921-10B39706BED6}
		{DAF1D72C-6076-4AA5-863D-A33B975C903F} = {CFCCB095-0EFB-49D2-9921-10B39706BED6}
		{42A01E15-F6B8-4342-A873-F6EF80E0DB09} = {CFCCB095-0EFB-49D2-9921-10B39706BED6}
		{E9CA9E49-87E5-423F-8A6F-9D43DFFD3857} = {DAF1D72C-6076-4AA5-863D-A33B975C903F}
		{5682AA28-EE60-41B4-AA0F-CB080832C8E2} = {DAF1D72C-6076-4AA5-863D-A33B975C903F}
		{B1B472C2-1DC8-47E7-ADBB-57621B2E01C1} = {42A01E15-F6B8-4342-A873-F6EF80E0DB09}
		{487B9690-9843-4B72-960D-36CCDD96EA02} = {340587A4-5AE3-42C5-8518-978E96F87952}
		{23DF8A26-0E02-4981-B390-23F5EC83B975} = {340587A4-5AE3-42C5-8518-978E96F87952}
	EndGlobalSection
EndGlobal
